
Microsoft Visual Studio Solution File, Format Version 12.00
# Visual Studio Version 16
VisualStudioVersion = 25.0.1706.11
MinimumVisualStudioVersion = 10.0.40219.1
Project("{FAE04EC0-301F-11D3-BF4B-00C04F79EFBC}") = "HangerMan", "HangerMan\HangerMan.csproj", "{2F66014E-1FDC-469A-AC09-EA86921FE880}"
EndProject
Global
	GlobalSection(SolutionConfigurationPlatforms) = preSolution
		Debug|Any CPU = Debug|Any CPU
		Release|Any CPU = Release|Any CPU
	EndGlobalSection
	GlobalSection(ProjectConfigurationPlatforms) = postSolution
		{2F66014E-1FDC-469A-AC09-EA86921FE880}.Debug|Any CPU.ActiveCfg = Debug|Any CPU
		{2F66014E-1FDC-469A-AC09-EA86921FE880}.Debug|Any CPU.Build.0 = Debug|Any CPU
		{2F66014E-1FDC-469A-AC09-EA86921FE880}.Release|Any CPU.ActiveCfg = Release|Any CPU
		{2F66014E-1FDC-469A-AC09-EA86921FE880}.Release|Any CPU.Build.0 = Release|Any CPU
	EndGlobalSection
	GlobalSection(SolutionProperties) = preSolution
		HideSolutionNode = FALSE
	EndGlobalSection
	GlobalSection(ExtensibilityGlobals) = postSolution
		SolutionGuid = {3F23699A-3193-445B-AC58-8F90B35B3DE2}
	EndGlobalSection
EndGlobal
